<Solution>
  <Folder Name="/docker/" />
  <Folder Name="/src/">
    <Project Path="Inventory.Api/Inventory.Api.csproj" />
    <Project Path="Inventory.Application/Inventory.Application.csproj" />
    <Project Path="Inventory.Domain/Inventory.Domain.csproj" />
    <Project Path="Inventory.Infrastructure/Inventory.Infrastructure.csproj" />
  </Folder>
  <Folder Name="/tests/">
    <Project Path="Inventory.Tests/Inventory.Tests.csproj" />
  </Folder>
</Solution>
